// !$*UTF8*$!
{
	archiveVersion = 1;
	classes = {
	};
	objectVersion = 56;
	objects = {

/* Begin PBXBuildFile section */
		5764AF542B4A583200796A36 /* EdutainmentApp.swift in Sources */ = {isa = PBXBuildFile; fileRef = 5764AF532B4A583200796A36 /* EdutainmentApp.swift */; };
		5764AF562B4A583200796A36 /* ContentView.swift in Sources */ = {isa = PBXBuildFile; fileRef = 5764AF552B4A583200796A36 /* ContentView.swift */; };
		5764AF582B4A583300796A36 /* Assets.xcassets in Resources */ = {isa = PBXBuildFile; fileRef = 5764AF572B4A583300796A36 /* Assets.xcassets */; };
		5764AF5C2B4A583300796A36 /* Preview Assets.xcassets in Resources */ = {isa = PBXBuildFile; fileRef = 5764AF5B2B4A583300796A36 /* Preview Assets.xcassets */; };
		5764AF662B4A583300796A36 /* EdutainmentTests.swift in Sources */ = {isa = PBXBuildFile; fileRef = 5764AF652B4A583300796A36 /* EdutainmentTests.swift */; };
		5764AF702B4A583300796A36 /* EdutainmentUITests.swift in Sources */ = {isa = PBXBuildFile; fileRef = 5764AF6F2B4A583300796A36 /* EdutainmentUITests.swift */; };
		5764AF722B4A583300796A36 /* EdutainmentUITestsLaunchTests.swift in Sources */ = {isa = PBXBuildFile; fileRef = 5764AF712B4A583300796A36 /* EdutainmentUITestsLaunchTests.swift */; };
		5764AF7F2B4A898100796A36 /* BackgroundView.swift in Sources */ = {isa = PBXBuildFile; fileRef = 5764AF7E2B4A898100796A36 /* BackgroundView.swift */; };
		5764AF8B2B4A9D9900796A36 /* Montserrat-Regular.ttf in Resources */ = {isa = PBXBuildFile; fileRef = 5764AF8A2B4A9D9900796A36 /* Montserrat-Regular.ttf */; };
		5764AF8D2B4A9DFB00796A36 /* Salsa-Regular.ttf in Resources */ = {isa = PBXBuildFile; fileRef = 5764AF8C2B4A9DFB00796A36 /* Salsa-Regular.ttf */; };
		5764AF8F2B4A9EB800796A36 /* VT323-Regular.ttf in Resources */ = {isa = PBXBuildFile; fileRef = 5764AF8E2B4A9EB800796A36 /* VT323-Regular.ttf */; };
		5764AF912B4B25E200796A36 /* PlayButtonView.swift in Sources */ = {isa = PBXBuildFile; fileRef = 5764AF902B4B25E200796A36 /* PlayButtonView.swift */; };
		5764AF932B4B284F00796A36 /* QuestionView.swift in Sources */ = {isa = PBXBuildFile; fileRef = 5764AF922B4B284F00796A36 /* QuestionView.swift */; };
		5764AF952B4B60CA00796A36 /* K26ToyBlocks123.ttf in Resources */ = {isa = PBXBuildFile; fileRef = 5764AF942B4B60CA00796A36 /* K26ToyBlocks123.ttf */; };
/* End PBXBuildFile section */

/* Begin PBXContainerItemProxy section */
		5764AF622B4A583300796A36 /* PBXContainerItemProxy */ = {
			isa = PBXContainerItemProxy;
			containerPortal = 5764AF482B4A583200796A36 /* Project object */;
			proxyType = 1;
			remoteGlobalIDString = 5764AF4F2B4A583200796A36;
			remoteInfo = Edutainment;
		};
		5764AF6C2B4A583300796A36 /* PBXContainerItemProxy */ = {
			isa = PBXContainerItemProxy;
			containerPortal = 5764AF482B4A583200796A36 /* Project object */;
			proxyType = 1;
			remoteGlobalIDString = 5764AF4F2B4A583200796A36;
			remoteInfo = Edutainment;
		};
/* End PBXContainerItemProxy section */

/* Begin PBXFileReference section */
		5764AF502B4A583200796A36 /* Edutainment.app */ = {isa = PBXFileReference; explicitFileType = wrapper.application; includeInIndex = 0; path = Edutainment.app; sourceTree = BUILT_PRODUCTS_DIR; };
		5764AF532B4A583200796A36 /* EdutainmentApp.swift */ = {isa = PBXFileReference; lastKnownFileType = sourcecode.swift; path = EdutainmentApp.swift; sourceTree = "<group>"; };
		5764AF552B4A583200796A36 /* ContentView.swift */ = {isa = PBXFileReference; lastKnownFileType = sourcecode.swift; path = ContentView.swift; sourceTree = "<group>"; };
		5764AF572B4A583300796A36 /* Assets.xcassets */ = {isa = PBXFileReference; lastKnownFileType = folder.assetcatalog; path = Assets.xcassets; sourceTree = "<group>"; };
		5764AF592B4A583300796A36 /* Edutainment.entitlements */ = {isa = PBXFileReference; lastKnownFileType = text.plist.entitlements; path = Edutainment.entitlements; sourceTree = "<group>"; };
		5764AF5B2B4A583300796A36 /* Preview Assets.xcassets */ = {isa = PBXFileReference; lastKnownFileType = folder.assetcatalog; path = "Preview Assets.xcassets"; sourceTree = "<group>"; };
		5764AF612B4A583300796A36 /* EdutainmentTests.xctest */ = {isa = PBXFileReference; explicitFileType = wrapper.cfbundle; includeInIndex = 0; path = EdutainmentTests.xctest; sourceTree = BUILT_PRODUCTS_DIR; };
		5764AF652B4A583300796A36 /* EdutainmentTests.swift */ = {isa = PBXFileReference; lastKnownFileType = sourcecode.swift; path = EdutainmentTests.swift; sourceTree = "<group>"; };
		5764AF6B2B4A583300796A36 /* EdutainmentUITests.xctest */ = {isa = PBXFileReference; explicitFileType = wrapper.cfbundle; includeInIndex = 0; path = EdutainmentUITests.xctest; sourceTree = BUILT_PRODUCTS_DIR; };
		5764AF6F2B4A583300796A36 /* EdutainmentUITests.swift */ = {isa = PBXFileReference; lastKnownFileType = sourcecode.swift; path = EdutainmentUITests.swift; sourceTree = "<group>"; };
		5764AF712B4A583300796A36 /* EdutainmentUITestsLaunchTests.swift */ = {isa = PBXFileReference; lastKnownFileType = sourcecode.swift; path = EdutainmentUITestsLaunchTests.swift; sourceTree = "<group>"; };
		5764AF7E2B4A898100796A36 /* BackgroundView.swift */ = {isa = PBXFileReference; lastKnownFileType = sourcecode.swift; path = BackgroundView.swift; sourceTree = "<group>"; };
		5764AF822B4A978D00796A36 /* Info.plist */ = {isa = PBXFileReference; lastKnownFileType = text.plist; path = Info.plist; sourceTree = "<group>"; };
		5764AF8A2B4A9D9900796A36 /* Montserrat-Regular.ttf */ = {isa = PBXFileReference; lastKnownFileType = file; path = "Montserrat-Regular.ttf"; sourceTree = "<group>"; };
		5764AF8C2B4A9DFB00796A36 /* Salsa-Regular.ttf */ = {isa = PBXFileReference; lastKnownFileType = file; path = "Salsa-Regular.ttf"; sourceTree = "<group>"; };
		5764AF8E2B4A9EB800796A36 /* VT323-Regular.ttf */ = {isa = PBXFileReference; lastKnownFileType = file; path = "VT323-Regular.ttf"; sourceTree = "<group>"; };
		5764AF902B4B25E200796A36 /* PlayButtonView.swift */ = {isa = PBXFileReference; lastKnownFileType = sourcecode.swift; path = PlayButtonView.swift; sourceTree = "<group>"; };
		5764AF922B4B284F00796A36 /* QuestionView.swift */ = {isa = PBXFileReference; lastKnownFileType = sourcecode.swift; path = QuestionView.swift; sourceTree = "<group>"; tabWidth = 4; };
		5764AF942B4B60CA00796A36 /* K26ToyBlocks123.ttf */ = {isa = PBXFileReference; lastKnownFileType = file; path = K26ToyBlocks123.ttf; sourceTree = "<group>"; };
		5764AF962B4B902A00796A36 /* README.md */ = {isa = PBXFileReference; lastKnownFileType = net.daringfireball.markdown; path = README.md; sourceTree = "<group>"; };
/* End PBXFileReference section */

/* Begin PBXFrameworksBuildPhase section */
		5764AF4D2B4A583200796A36 /* Frameworks */ = {
			isa = PBXFrameworksBuildPhase;
			buildActionMask = 2147483647;
			files = (
			);
			runOnlyForDeploymentPostprocessing = 0;
		};
		5764AF5E2B4A583300796A36 /* Frameworks */ = {
			isa = PBXFrameworksBuildPhase;
			buildActionMask = 2147483647;
			files = (
			);
			runOnlyForDeploymentPostprocessing = 0;
		};
		5764AF682B4A583300796A36 /* Frameworks */ = {
			isa = PBXFrameworksBuildPhase;
			buildActionMask = 2147483647;
			files = (
			);
			runOnlyForDeploymentPostprocessing = 0;
		};
/* End PBXFrameworksBuildPhase section */

/* Begin PBXGroup section */
		5764AF472B4A583200796A36 = {
			isa = PBXGroup;
			children = (
				5764AF962B4B902A00796A36 /* README.md */,
				5764AF522B4A583200796A36 /* Edutainment */,
				5764AF642B4A583300796A36 /* EdutainmentTests */,
				5764AF6E2B4A583300796A36 /* EdutainmentUITests */,
				5764AF512B4A583200796A36 /* Products */,
			);
			sourceTree = "<group>";
		};
		5764AF512B4A583200796A36 /* Products */ = {
			isa = PBXGroup;
			children = (
				5764AF502B4A583200796A36 /* Edutainment.app */,
				5764AF612B4A583300796A36 /* EdutainmentTests.xctest */,
				5764AF6B2B4A583300796A36 /* EdutainmentUITests.xctest */,
			);
			name = Products;
			sourceTree = "<group>";
		};
		5764AF522B4A583200796A36 /* Edutainment */ = {
			isa = PBXGroup;
			children = (
				5764AF832B4A984B00796A36 /* Font */,
				5764AF822B4A978D00796A36 /* Info.plist */,
				5764AF532B4A583200796A36 /* EdutainmentApp.swift */,
				5764AF552B4A583200796A36 /* ContentView.swift */,
				5764AF572B4A583300796A36 /* Assets.xcassets */,
				5764AF592B4A583300796A36 /* Edutainment.entitlements */,
				5764AF5A2B4A583300796A36 /* Preview Content */,
				5764AF7E2B4A898100796A36 /* BackgroundView.swift */,
				5764AF902B4B25E200796A36 /* PlayButtonView.swift */,
				5764AF922B4B284F00796A36 /* QuestionView.swift */,
			);
			path = Edutainment;
			sourceTree = "<group>";
		};
		5764AF5A2B4A583300796A36 /* Preview Content */ = {
			isa = PBXGroup;
			children = (
				5764AF5B2B4A583300796A36 /* Preview Assets.xcassets */,
			);
			path = "Preview Content";
			sourceTree = "<group>";
		};
		5764AF642B4A583300796A36 /* EdutainmentTests */ = {
			isa = PBXGroup;
			children = (
				5764AF652B4A583300796A36 /* EdutainmentTests.swift */,
			);
			path = EdutainmentTests;
			sourceTree = "<group>";
		};
		5764AF6E2B4A583300796A36 /* EdutainmentUITests */ = {
			isa = PBXGroup;
			children = (
				5764AF6F2B4A583300796A36 /* EdutainmentUITests.swift */,
				5764AF712B4A583300796A36 /* EdutainmentUITestsLaunchTests.swift */,
			);
			path = EdutainmentUITests;
			sourceTree = "<group>";
		};
		5764AF832B4A984B00796A36 /* Font */ = {
			isa = PBXGroup;
			children = (
				5764AF942B4B60CA00796A36 /* K26ToyBlocks123.ttf */,
				5764AF8E2B4A9EB800796A36 /* VT323-Regular.ttf */,
				5764AF8A2B4A9D9900796A36 /* Montserrat-Regular.ttf */,
				5764AF8C2B4A9DFB00796A36 /* Salsa-Regular.ttf */,
			);
			path = Font;
			sourceTree = "<group>";
		};
/* End PBXGroup section */

/* Begin PBXNativeTarget section */
		5764AF4F2B4A583200796A36 /* Edutainment */ = {
			isa = PBXNativeTarget;
			buildConfigurationList = 5764AF752B4A583300796A36 /* Build configuration list for PBXNativeTarget "Edutainment" */;
			buildPhases = (
				5764AF4C2B4A583200796A36 /* Sources */,
				5764AF4D2B4A583200796A36 /* Frameworks */,
				5764AF4E2B4A583200796A36 /* Resources */,
			);
			buildRules = (
			);
			dependencies = (
			);
			name = Edutainment;
			productName = Edutainment;
			productReference = 5764AF502B4A583200796A36 /* Edutainment.app */;
			productType = "com.apple.product-type.application";
		};
		5764AF602B4A583300796A36 /* EdutainmentTests */ = {
			isa = PBXNativeTarget;
			buildConfigurationList = 5764AF782B4A583300796A36 /* Build configuration list for PBXNativeTarget "EdutainmentTests" */;
			buildPhases = (
				5764AF5D2B4A583300796A36 /* Sources */,
				5764AF5E2B4A583300796A36 /* Frameworks */,
				5764AF5F2B4A583300796A36 /* Resources */,
			);
			buildRules = (
			);
			dependencies = (
				5764AF632B4A583300796A36 /* PBXTargetDependency */,
			);
			name = EdutainmentTests;
			productName = EdutainmentTests;
			productReference = 5764AF612B4A583300796A36 /* EdutainmentTests.xctest */;
			productType = "com.apple.product-type.bundle.unit-test";
		};
		5764AF6A2B4A583300796A36 /* EdutainmentUITests */ = {
			isa = PBXNativeTarget;
			buildConfigurationList = 5764AF7B2B4A583300796A36 /* Build configuration list for PBXNativeTarget "EdutainmentUITests" */;
			buildPhases = (
				5764AF672B4A583300796A36 /* Sources */,
				5764AF682B4A583300796A36 /* Frameworks */,
				5764AF692B4A583300796A36 /* Resources */,
			);
			buildRules = (
			);
			dependencies = (
				5764AF6D2B4A583300796A36 /* PBXTargetDependency */,
			);
			name = EdutainmentUITests;
			productName = EdutainmentUITests;
			productReference = 5764AF6B2B4A583300796A36 /* EdutainmentUITests.xctest */;
			productType = "com.apple.product-type.bundle.ui-testing";
		};
/* End PBXNativeTarget section */

/* Begin PBXProject section */
		5764AF482B4A583200796A36 /* Project object */ = {
			isa = PBXProject;
			attributes = {
				BuildIndependentTargetsInParallel = 1;
				LastSwiftUpdateCheck = 1510;
				LastUpgradeCheck = 1510;
				TargetAttributes = {
					5764AF4F2B4A583200796A36 = {
						CreatedOnToolsVersion = 15.1;
					};
					5764AF602B4A583300796A36 = {
						CreatedOnToolsVersion = 15.1;
						TestTargetID = 5764AF4F2B4A583200796A36;
					};
					5764AF6A2B4A583300796A36 = {
						CreatedOnToolsVersion = 15.1;
						TestTargetID = 5764AF4F2B4A583200796A36;
					};
				};
			};
			buildConfigurationList = 5764AF4B2B4A583200796A36 /* Build configuration list for PBXProject "Edutainment" */;
			compatibilityVersion = "Xcode 14.0";
			developmentRegion = en;
			hasScannedForEncodings = 0;
			knownRegions = (
				en,
				Base,
			);
			mainGroup = 5764AF472B4A583200796A36;
			productRefGroup = 5764AF512B4A583200796A36 /* Products */;
			projectDirPath = "";
			projectRoot = "";
			targets = (
				5764AF4F2B4A583200796A36 /* Edutainment */,
				5764AF602B4A583300796A36 /* EdutainmentTests */,
				5764AF6A2B4A583300796A36 /* EdutainmentUITests */,
			);
		};
/* End PBXProject section */

/* Begin PBXResourcesBuildPhase section */
		5764AF4E2B4A583200796A36 /* Resources */ = {
			isa = PBXResourcesBuildPhase;
			buildActionMask = 2147483647;
			files = (
				5764AF952B4B60CA00796A36 /* K26ToyBlocks123.ttf in Resources */,
				5764AF8B2B4A9D9900796A36 /* Montserrat-Regular.ttf in Resources */,
				5764AF5C2B4A583300796A36 /* Preview Assets.xcassets in Resources */,
				5764AF8D2B4A9DFB00796A36 /* Salsa-Regular.ttf in Resources */,
				5764AF582B4A583300796A36 /* Assets.xcassets in Resources */,
				5764AF8F2B4A9EB800796A36 /* VT323-Regular.ttf in Resources */,
			);
			runOnlyForDeploymentPostprocessing = 0;
		};
		5764AF5F2B4A583300796A36 /* Resources */ = {
			isa = PBXResourcesBuildPhase;
			buildActionMask = 2147483647;
			files = (
			);
			runOnlyForDeploymentPostprocessing = 0;
		};
		5764AF692B4A583300796A36 /* Resources */ = {
			isa = PBXResourcesBuildPhase;
			buildActionMask = 2147483647;
			files = (
			);
			runOnlyForDeploymentPostprocessing = 0;
		};
/* End PBXResourcesBuildPhase section */

/* Begin PBXSourcesBuildPhase section */
		5764AF4C2B4A583200796A36 /* Sources */ = {
			isa = PBXSourcesBuildPhase;
			buildActionMask = 2147483647;
			files = (
				5764AF932B4B284F00796A36 /* QuestionView.swift in Sources */,
				5764AF912B4B25E200796A36 /* PlayButtonView.swift in Sources */,
				5764AF7F2B4A898100796A36 /* BackgroundView.swift in Sources */,
				5764AF562B4A583200796A36 /* ContentView.swift in Sources */,
				5764AF542B4A583200796A36 /* EdutainmentApp.swift in Sources */,
			);
			runOnlyForDeploymentPostprocessing = 0;
		};
		5764AF5D2B4A583300796A36 /* Sources */ = {
			isa = PBXSourcesBuildPhase;
			buildActionMask = 2147483647;
			files = (
				5764AF662B4A583300796A36 /* EdutainmentTests.swift in Sources */,
			);
			runOnlyForDeploymentPostprocessing = 0;
		};
		5764AF672B4A583300796A36 /* Sources */ = {
			isa = PBXSourcesBuildPhase;
			buildActionMask = 2147483647;
			files = (
				5764AF702B4A583300796A36 /* EdutainmentUITests.swift in Sources */,
				5764AF722B4A583300796A36 /* EdutainmentUITestsLaunchTests.swift in Sources */,
			);
			runOnlyForDeploymentPostprocessing = 0;
		};
/* End PBXSourcesBuildPhase section */

/* Begin PBXTargetDependency section */
		5764AF632B4A583300796A36 /* PBXTargetDependency */ = {
			isa = PBXTargetDependency;
			target = 5764AF4F2B4A583200796A36 /* Edutainment */;
			targetProxy = 5764AF622B4A583300796A36 /* PBXContainerItemProxy */;
		};
		5764AF6D2B4A583300796A36 /* PBXTargetDependency */ = {
			isa = PBXTargetDependency;
			target = 5764AF4F2B4A583200796A36 /* Edutainment */;
			targetProxy = 5764AF6C2B4A583300796A36 /* PBXContainerItemProxy */;
		};
/* End PBXTargetDependency section */

/* Begin XCBuildConfiguration section */
		5764AF732B4A583300796A36 /* Debug */ = {
			isa = XCBuildConfiguration;
			buildSettings = {
				ALWAYS_SEARCH_USER_PATHS = NO;
				ASSETCATALOG_COMPILER_GENERATE_SWIFT_ASSET_SYMBOL_EXTENSIONS = YES;
				CLANG_ANALYZER_NONNULL = YES;
				CLANG_ANALYZER_NUMBER_OBJECT_CONVERSION = YES_AGGRESSIVE;
				CLANG_CXX_LANGUAGE_STANDARD = "gnu++20";
				CLANG_ENABLE_MODULES = YES;
				CLANG_ENABLE_OBJC_ARC = YES;
				CLANG_ENABLE_OBJC_WEAK = YES;
				CLANG_WARN_BLOCK_CAPTURE_AUTORELEASING = YES;
				CLANG_WARN_BOOL_CONVERSION = YES;
				CLANG_WARN_COMMA = YES;
				CLANG_WARN_CONSTANT_CONVERSION = YES;
				CLANG_WARN_DEPRECATED_OBJC_IMPLEMENTATIONS = YES;
				CLANG_WARN_DIRECT_OBJC_ISA_USAGE = YES_ERROR;
				CLANG_WARN_DOCUMENTATION_COMMENTS = YES;
				CLANG_WARN_EMPTY_BODY = YES;
				CLANG_WARN_ENUM_CONVERSION = YES;
				CLANG_WARN_INFINITE_RECURSION = YES;
				CLANG_WARN_INT_CONVERSION = YES;
				CLANG_WARN_NON_LITERAL_NULL_CONVERSION = YES;
				CLANG_WARN_OBJC_IMPLICIT_RETAIN_SELF = YES;
				CLANG_WARN_OBJC_LITERAL_CONVERSION = YES;
				CLANG_WARN_OBJC_ROOT_CLASS = YES_ERROR;
				CLANG_WARN_QUOTED_INCLUDE_IN_FRAMEWORK_HEADER = YES;
				CLANG_WARN_RANGE_LOOP_ANALYSIS = YES;
				CLANG_WARN_STRICT_PROTOTYPES = YES;
				CLANG_WARN_SUSPICIOUS_MOVE = YES;
				CLANG_WARN_UNGUARDED_AVAILABILITY = YES_AGGRESSIVE;
				CLANG_WARN_UNREACHABLE_CODE = YES;
				CLANG_WARN__DUPLICATE_METHOD_MATCH = YES;
				COPY_PHASE_STRIP = NO;
				DEBUG_INFORMATION_FORMAT = dwarf;
				ENABLE_STRICT_OBJC_MSGSEND = YES;
				ENABLE_TESTABILITY = YES;
				ENABLE_USER_SCRIPT_SANDBOXING = YES;
				GCC_C_LANGUAGE_STANDARD = gnu17;
				GCC_DYNAMIC_NO_PIC = NO;
				GCC_NO_COMMON_BLOCKS = YES;
				GCC_OPTIMIZATION_LEVEL = 0;
				GCC_PREPROCESSOR_DEFINITIONS = (
					"DEBUG=1",
					"$(inherited)",
				);
				GCC_WARN_64_TO_32_BIT_CONVERSION = YES;
				GCC_WARN_ABOUT_RETURN_TYPE = YES_ERROR;
				GCC_WARN_UNDECLARED_SELECTOR = YES;
				GCC_WARN_UNINITIALIZED_AUTOS = YES_AGGRESSIVE;
				GCC_WARN_UNUSED_FUNCTION = YES;
				GCC_WARN_UNUSED_VARIABLE = YES;
				LOCALIZATION_PREFERS_STRING_CATALOGS = YES;
				MTL_ENABLE_DEBUG_INFO = INCLUDE_SOURCE;
				MTL_FAST_MATH = YES;
				ONLY_ACTIVE_ARCH = YES;
				SWIFT_ACTIVE_COMPILATION_CONDITIONS = "DEBUG $(inherited)";
				SWIFT_OPTIMIZATION_LEVEL = "-Onone";
			};
			name = Debug;
		};
		5764AF742B4A583300796A36 /* Release */ = {
			isa = XCBuildConfiguration;
			buildSettings = {
				ALWAYS_SEARCH_USER_PATHS = NO;
				ASSETCATALOG_COMPILER_GENERATE_SWIFT_ASSET_SYMBOL_EXTENSIONS = YES;
				CLANG_ANALYZER_NONNULL = YES;
				CLANG_ANALYZER_NUMBER_OBJECT_CONVERSION = YES_AGGRESSIVE;
				CLANG_CXX_LANGUAGE_STANDARD = "gnu++20";
				CLANG_ENABLE_MODULES = YES;
				CLANG_ENABLE_OBJC_ARC = YES;
				CLANG_ENABLE_OBJC_WEAK = YES;
				CLANG_WARN_BLOCK_CAPTURE_AUTORELEASING = YES;
				CLANG_WARN_BOOL_CONVERSION = YES;
				CLANG_WARN_COMMA = YES;
				CLANG_WARN_CONSTANT_CONVERSION = YES;
				CLANG_WARN_DEPRECATED_OBJC_IMPLEMENTATIONS = YES;
				CLANG_WARN_DIRECT_OBJC_ISA_USAGE = YES_ERROR;
				CLANG_WARN_DOCUMENTATION_COMMENTS = YES;
				CLANG_WARN_EMPTY_BODY = YES;
				CLANG_WARN_ENUM_CONVERSION = YES;
				CLANG_WARN_INFINITE_RECURSION = YES;
				CLANG_WARN_INT_CONVERSION = YES;
				CLANG_WARN_NON_LITERAL_NULL_CONVERSION = YES;
				CLANG_WARN_OBJC_IMPLICIT_RETAIN_SELF = YES;
				CLANG_WARN_OBJC_LITERAL_CONVERSION = YES;
				CLANG_WARN_OBJC_ROOT_CLASS = YES_ERROR;
				CLANG_WARN_QUOTED_INCLUDE_IN_FRAMEWORK_HEADER = YES;
				CLANG_WARN_RANGE_LOOP_ANALYSIS = YES;
				CLANG_WARN_STRICT_PROTOTYPES = YES;
				CLANG_WARN_SUSPICIOUS_MOVE = YES;
				CLANG_WARN_UNGUARDED_AVAILABILITY = YES_AGGRESSIVE;
				CLANG_WARN_UNREACHABLE_CODE = YES;
				CLANG_WARN__DUPLICATE_METHOD_MATCH = YES;
				COPY_PHASE_STRIP = NO;
				DEBUG_INFORMATION_FORMAT = "dwarf-with-dsym";
				ENABLE_NS_ASSERTIONS = NO;
				ENABLE_STRICT_OBJC_MSGSEND = YES;
				ENABLE_USER_SCRIPT_SANDBOXING = YES;
				GCC_C_LANGUAGE_STANDARD = gnu17;
				GCC_NO_COMMON_BLOCKS = YES;
				GCC_WARN_64_TO_32_BIT_CONVERSION = YES;
				GCC_WARN_ABOUT_RETURN_TYPE = YES_ERROR;
				GCC_WARN_UNDECLARED_SELECTOR = YES;
				GCC_WARN_UNINITIALIZED_AUTOS = YES_AGGRESSIVE;
				GCC_WARN_UNUSED_FUNCTION = YES;
				GCC_WARN_UNUSED_VARIABLE = YES;
				LOCALIZATION_PREFERS_STRING_CATALOGS = YES;
				MTL_ENABLE_DEBUG_INFO = NO;
				MTL_FAST_MATH = YES;
				SWIFT_COMPILATION_MODE = wholemodule;
			};
			name = Release;
		};
		5764AF762B4A583300796A36 /* Debug */ = {
			isa = XCBuildConfiguration;
			buildSettings = {
				ASSETCATALOG_COMPILER_APPICON_NAME = AppIcon;
				ASSETCATALOG_COMPILER_GLOBAL_ACCENT_COLOR_NAME = AccentColor;
				CODE_SIGN_ENTITLEMENTS = Edutainment/Edutainment.entitlements;
				CODE_SIGN_STYLE = Automatic;
				CURRENT_PROJECT_VERSION = 1;
				DEVELOPMENT_ASSET_PATHS = "\"Edutainment/Preview Content\"";
				DEVELOPMENT_TEAM = L6R97MY7CT;
				ENABLE_HARDENED_RUNTIME = YES;
				ENABLE_PREVIEWS = YES;
				GENERATE_INFOPLIST_FILE = YES;
				INFOPLIST_FILE = Edutainment/Info.plist;
				"INFOPLIST_KEY_UIApplicationSceneManifest_Generation[sdk=iphoneos*]" = YES;
				"INFOPLIST_KEY_UIApplicationSceneManifest_Generation[sdk=iphonesimulator*]" = YES;
				"INFOPLIST_KEY_UIApplicationSupportsIndirectInputEvents[sdk=iphoneos*]" = YES;
				"INFOPLIST_KEY_UIApplicationSupportsIndirectInputEvents[sdk=iphonesimulator*]" = YES;
				"INFOPLIST_KEY_UILaunchScreen_Generation[sdk=iphoneos*]" = YES;
				"INFOPLIST_KEY_UILaunchScreen_Generation[sdk=iphonesimulator*]" = YES;
				"INFOPLIST_KEY_UIStatusBarStyle[sdk=iphoneos*]" = UIStatusBarStyleDefault;
				"INFOPLIST_KEY_UIStatusBarStyle[sdk=iphonesimulator*]" = UIStatusBarStyleDefault;
				INFOPLIST_KEY_UISupportedInterfaceOrientations_iPad = "UIInterfaceOrientationPortrait UIInterfaceOrientationPortraitUpsideDown UIInterfaceOrientationLandscapeLeft UIInterfaceOrientationLandscapeRight";
				INFOPLIST_KEY_UISupportedInterfaceOrientations_iPhone = "UIInterfaceOrientationPortrait UIInterfaceOrientationLandscapeLeft UIInterfaceOrientationLandscapeRight";
				IPHONEOS_DEPLOYMENT_TARGET = 17.2;
				LD_RUNPATH_SEARCH_PATHS = "@executable_path/Frameworks";
				"LD_RUNPATH_SEARCH_PATHS[sdk=macosx*]" = "@executable_path/../Frameworks";
				MACOSX_DEPLOYMENT_TARGET = 14.2;
				MARKETING_VERSION = 1.0;
				PRODUCT_BUNDLE_IDENTIFIER = ramsayleung.github.io.Edutainment;
				PRODUCT_NAME = "$(TARGET_NAME)";
				SDKROOT = auto;
				SUPPORTED_PLATFORMS = "iphoneos iphonesimulator macosx";
				SWIFT_EMIT_LOC_STRINGS = YES;
				SWIFT_VERSION = 5.0;
				TARGETED_DEVICE_FAMILY = "1,2";
			};
			name = Debug;
		};
		5764AF772B4A583300796A36 /* Release */ = {
			isa = XCBuildConfiguration;
			buildSettings = {
				ASSETCATALOG_COMPILER_APPICON_NAME = AppIcon;
				ASSETCATALOG_COMPILER_GLOBAL_ACCENT_COLOR_NAME = AccentColor;
				CODE_SIGN_ENTITLEMENTS = Edutainment/Edutainment.entitlements;
				CODE_SIGN_STYLE = Automatic;
				CURRENT_PROJECT_VERSION = 1;
				DEVELOPMENT_ASSET_PATHS = "\"Edutainment/Preview Content\"";
				DEVELOPMENT_TEAM = L6R97MY7CT;
				ENABLE_HARDENED_RUNTIME = YES;
				ENABLE_PREVIEWS = YES;
				GENERATE_INFOPLIST_FILE = YES;
				INFOPLIST_FILE = Edutainment/Info.plist;
				"INFOPLIST_KEY_UIApplicationSceneManifest_Generation[sdk=iphoneos*]" = YES;
				"INFOPLIST_KEY_UIApplicationSceneManifest_Generation[sdk=iphonesimulator*]" = YES;
				"INFOPLIST_KEY_UIApplicationSupportsIndirectInputEvents[sdk=iphoneos*]" = YES;
				"INFOPLIST_KEY_UIApplicationSupportsIndirectInputEvents[sdk=iphonesimulator*]" = YES;
				"INFOPLIST_KEY_UILaunchScreen_Generation[sdk=iphoneos*]" = YES;
				"INFOPLIST_KEY_UILaunchScreen_Generation[sdk=iphonesimulator*]" = YES;
				"INFOPLIST_KEY_UIStatusBarStyle[sdk=iphoneos*]" = UIStatusBarStyleDefault;
				"INFOPLIST_KEY_UIStatusBarStyle[sdk=iphonesimulator*]" = UIStatusBarStyleDefault;
				INFOPLIST_KEY_UISupportedInterfaceOrientations_iPad = "UIInterfaceOrientationPortrait UIInterfaceOrientationPortraitUpsideDown UIInterfaceOrientationLandscapeLeft UIInterfaceOrientationLandscapeRight";
				INFOPLIST_KEY_UISupportedInterfaceOrientations_iPhone = "UIInterfaceOrientationPortrait UIInterfaceOrientationLandscapeLeft UIInterfaceOrientationLandscapeRight";
				IPHONEOS_DEPLOYMENT_TARGET = 17.2;
				LD_RUNPATH_SEARCH_PATHS = "@executable_path/Frameworks";
				"LD_RUNPATH_SEARCH_PATHS[sdk=macosx*]" = "@executable_path/../Frameworks";
				MACOSX_DEPLOYMENT_TARGET = 14.2;
				MARKETING_VERSION = 1.0;
				PRODUCT_BUNDLE_IDENTIFIER = ramsayleung.github.io.Edutainment;
				PRODUCT_NAME = "$(TARGET_NAME)";
				SDKROOT = auto;
				SUPPORTED_PLATFORMS = "iphoneos iphonesimulator macosx";
				SWIFT_EMIT_LOC_STRINGS = YES;
				SWIFT_VERSION = 5.0;
				TARGETED_DEVICE_FAMILY = "1,2";
			};
			name = Release;
		};
		5764AF792B4A583300796A36 /* Debug */ = {
			isa = XCBuildConfiguration;
			buildSettings = {
				ALWAYS_EMBED_SWIFT_STANDARD_LIBRARIES = YES;
				BUNDLE_LOADER = "$(TEST_HOST)";
				CODE_SIGN_STYLE = Automatic;
				CURRENT_PROJECT_VERSION = 1;
				DEVELOPMENT_TEAM = L6R97MY7CT;
				GENERATE_INFOPLIST_FILE = YES;
				IPHONEOS_DEPLOYMENT_TARGET = 17.2;
				MACOSX_DEPLOYMENT_TARGET = 14.2;
				MARKETING_VERSION = 1.0;
				PRODUCT_BUNDLE_IDENTIFIER = ramsayleung.github.io.EdutainmentTests;
				PRODUCT_NAME = "$(TARGET_NAME)";
				SDKROOT = auto;
				SUPPORTED_PLATFORMS = "iphoneos iphonesimulator macosx";
				SWIFT_EMIT_LOC_STRINGS = NO;
				SWIFT_VERSION = 5.0;
				TARGETED_DEVICE_FAMILY = "1,2";
				TEST_HOST = "$(BUILT_PRODUCTS_DIR)/Edutainment.app/$(BUNDLE_EXECUTABLE_FOLDER_PATH)/Edutainment";
			};
			name = Debug;
		};
		5764AF7A2B4A583300796A36 /* Release */ = {
			isa = XCBuildConfiguration;
			buildSettings = {
				ALWAYS_EMBED_SWIFT_STANDARD_LIBRARIES = YES;
				BUNDLE_LOADER = "$(TEST_HOST)";
				CODE_SIGN_STYLE = Automatic;
				CURRENT_PROJECT_VERSION = 1;
				DEVELOPMENT_TEAM = L6R97MY7CT;
				GENERATE_INFOPLIST_FILE = YES;
				IPHONEOS_DEPLOYMENT_TARGET = 17.2;
				MACOSX_DEPLOYMENT_TARGET = 14.2;
				MARKETING_VERSION = 1.0;
				PRODUCT_BUNDLE_IDENTIFIER = ramsayleung.github.io.EdutainmentTests;
				PRODUCT_NAME = "$(TARGET_NAME)";
				SDKROOT = auto;
				SUPPORTED_PLATFORMS = "iphoneos iphonesimulator macosx";
				SWIFT_EMIT_LOC_STRINGS = NO;
				SWIFT_VERSION = 5.0;
				TARGETED_DEVICE_FAMILY = "1,2";
				TEST_HOST = "$(BUILT_PRODUCTS_DIR)/Edutainment.app/$(BUNDLE_EXECUTABLE_FOLDER_PATH)/Edutainment";
			};
			name = Release;
		};
		5764AF7C2B4A583300796A36 /* Debug */ = {
			isa = XCBuildConfiguration;
			buildSettings = {
				ALWAYS_EMBED_SWIFT_STANDARD_LIBRARIES = YES;
				CODE_SIGN_STYLE = Automatic;
				CURRENT_PROJECT_VERSION = 1;
				DEVELOPMENT_TEAM = L6R97MY7CT;
				GENERATE_INFOPLIST_FILE = YES;
				IPHONEOS_DEPLOYMENT_TARGET = 17.2;
				MACOSX_DEPLOYMENT_TARGET = 14.2;
				MARKETING_VERSION = 1.0;
				PRODUCT_BUNDLE_IDENTIFIER = ramsayleung.github.io.EdutainmentUITests;
				PRODUCT_NAME = "$(TARGET_NAME)";
				SDKROOT = auto;
				SUPPORTED_PLATFORMS = "iphoneos iphonesimulator macosx";
				SWIFT_EMIT_LOC_STRINGS = NO;
				SWIFT_VERSION = 5.0;
				TARGETED_DEVICE_FAMILY = "1,2";
				TEST_TARGET_NAME = Edutainment;
			};
			name = Debug;
		};
		5764AF7D2B4A583300796A36 /* Release */ = {
			isa = XCBuildConfiguration;
			buildSettings = {
				ALWAYS_EMBED_SWIFT_STANDARD_LIBRARIES = YES;
				CODE_SIGN_STYLE = Automatic;
				CURRENT_PROJECT_VERSION = 1;
				DEVELOPMENT_TEAM = L6R97MY7CT;
				GENERATE_INFOPLIST_FILE = YES;
				IPHONEOS_DEPLOYMENT_TARGET = 17.2;
				MACOSX_DEPLOYMENT_TARGET = 14.2;
				MARKETING_VERSION = 1.0;
				PRODUCT_BUNDLE_IDENTIFIER = ramsayleung.github.io.EdutainmentUITests;
				PRODUCT_NAME = "$(TARGET_NAME)";
				SDKROOT = auto;
				SUPPORTED_PLATFORMS = "iphoneos iphonesimulator macosx";
				SWIFT_EMIT_LOC_STRINGS = NO;
				SWIFT_VERSION = 5.0;
				TARGETED_DEVICE_FAMILY = "1,2";
				TEST_TARGET_NAME = Edutainment;
			};
			name = Release;
		};
/* End XCBuildConfiguration section */

/* Begin XCConfigurationList section */
		5764AF4B2B4A583200796A36 /* Build configuration list for PBXProject "Edutainment" */ = {
			isa = XCConfigurationList;
			buildConfigurations = (
				5764AF732B4A583300796A36 /* Debug */,
				5764AF742B4A583300796A36 /* Release */,
			);
			defaultConfigurationIsVisible = 0;
			defaultConfigurationName = Release;
		};
		5764AF752B4A583300796A36 /* Build configuration list for PBXNativeTarget "Edutainment" */ = {
			isa = XCConfigurationList;
			buildConfigurations = (
				5764AF762B4A583300796A36 /* Debug */,
				5764AF772B4A583300796A36 /* Release */,
			);
			defaultConfigurationIsVisible = 0;
			defaultConfigurationName = Release;
		};
		5764AF782B4A583300796A36 /* Build configuration list for PBXNativeTarget "EdutainmentTests" */ = {
			isa = XCConfigurationList;
			buildConfigurations = (
				5764AF792B4A583300796A36 /* Debug */,
				5764AF7A2B4A583300796A36 /* Release */,
			);
			defaultConfigurationIsVisible = 0;
			defaultConfigurationName = Release;
		};
		5764AF7B2B4A583300796A36 /* Build configuration list for PBXNativeTarget "EdutainmentUITests" */ = {
			isa = XCConfigurationList;
			buildConfigurations = (
				5764AF7C2B4A583300796A36 /* Debug */,
				5764AF7D2B4A583300796A36 /* Release */,
			);
			defaultConfigurationIsVisible = 0;
			defaultConfigurationName = Release;
		};
/* End XCConfigurationList section */
	};
	rootObject = 5764AF482B4A583200796A36 /* Project object */;
}
